
Microsoft Visual Studio Solution File, Format Version 12.00
# Visual Studio Version 17
VisualStudioVersion = 17.13.36105.23 d17.13
MinimumVisualStudioVersion = 10.0.40219.1
Project("{FAE04EC0-301F-11D3-BF4B-00C04F79EFBC}") = "SMSProject", "SMSProject.csproj", "{00DF970B-4613-4204-9F3C-E7721FA66300}"
EndProject
Global
	GlobalSection(SolutionConfigurationPlatforms) = preSolution
		Debug|Any CPU = Debug|Any CPU
		Release|Any CPU = Release|Any CPU
	EndGlobalSection
	GlobalSection(ProjectConfigurationPlatforms) = postSolution
		{00DF970B-4613-4204-9F3C-E7721FA66300}.Debug|Any CPU.ActiveCfg = Debug|Any CPU
		{00DF970B-4613-4204-9F3C-E7721FA66300}.Debug|Any CPU.Build.0 = Debug|Any CPU
		{00DF970B-4613-4204-9F3C-E7721FA66300}.Release|Any CPU.ActiveCfg = Release|Any CPU
		{00DF970B-4613-4204-9F3C-E7721FA66300}.Release|Any CPU.Build.0 = Release|Any CPU
	EndGlobalSection
	GlobalSection(SolutionProperties) = preSolution
		HideSolutionNode = FALSE
	EndGlobalSection
	GlobalSection(ExtensibilityGlobals) = postSolution
		SolutionGuid = {FB6CF9F2-EABB-4A17-99F8-9E243E752D06}
	EndGlobalSection
EndGlobal
